
Microsoft Visual Studio Solution File, Format Version 12.00
# Visual Studio Version 17
VisualStudioVersion = 17.1.32319.34
MinimumVisualStudioVersion = 10.0.40219.1
Project("{9A19103F-16F7-4668-BE54-9A1E7A4F7556}") = "BooksDemoRazor", "BooksDemoRazor\BooksDemoRazor.csproj", "{A51DED8B-0B33-4DCF-99D2-65DDAD0EA853}"
EndProject
Global
	GlobalSection(SolutionConfigurationPlatforms) = preSolution
		Debug|Any CPU = Debug|Any CPU
		Release|Any CPU = Release|Any CPU
	EndGlobalSection
	GlobalSection(ProjectConfigurationPlatforms) = postSolution
		{A51DED8B-0B33-4DCF-99D2-65DDAD0EA853}.Debug|Any CPU.ActiveCfg = Debug|Any CPU
		{A51DED8B-0B33-4DCF-99D2-65DDAD0EA853}.Debug|Any CPU.Build.0 = Debug|Any CPU
		{A51DED8B-0B33-4DCF-99D2-65DDAD0EA853}.Release|Any CPU.ActiveCfg = Release|Any CPU
		{A51DED8B-0B33-4DCF-99D2-65DDAD0EA853}.Release|Any CPU.Build.0 = Release|Any CPU
	EndGlobalSection
	GlobalSection(SolutionProperties) = preSolution
		HideSolutionNode = FALSE
	EndGlobalSection
	GlobalSection(ExtensibilityGlobals) = postSolution
		SolutionGuid = {86F802E0-C439-4F8F-8FFF-9F91E0D05294}
	EndGlobalSection
EndGlobal
